
Microsoft Visual Studio Solution File, Format Version 12.00
# Visual Studio Version 17
VisualStudioVersion = 17.9.34728.123
MinimumVisualStudioVersion = 10.0.40219.1
Project("{888888A0-9F3D-457C-B088-3A5042F75D52}") = "tg_bot_diary", "tg_bot_diary\tg_bot_diary.pyproj", "{29A9C549-707B-409C-992D-87BADFC8F24F}"
EndProject
Global
	GlobalSection(SolutionConfigurationPlatforms) = preSolution
		Debug|Any CPU = Debug|Any CPU
		Release|Any CPU = Release|Any CPU
	EndGlobalSection
	GlobalSection(ProjectConfigurationPlatforms) = postSolution
		{29A9C549-707B-409C-992D-87BADFC8F24F}.Debug|Any CPU.ActiveCfg = Debug|Any CPU
		{29A9C549-707B-409C-992D-87BADFC8F24F}.Release|Any CPU.ActiveCfg = Release|Any CPU
	EndGlobalSection
	GlobalSection(SolutionProperties) = preSolution
		HideSolutionNode = FALSE
	EndGlobalSection
	GlobalSection(ExtensibilityGlobals) = postSolution
		SolutionGuid = {E90B445E-DE2B-45C7-B42C-C934358946F4}
	EndGlobalSection
EndGlobal
